
Microsoft Visual Studio Solution File, Format Version 12.00
# Visual Studio Version 16
VisualStudioVersion = 16.0.31424.327
MinimumVisualStudioVersion = 10.0.40219.1
Project("{FAE04EC0-301F-11D3-BF4B-00C04F79EFBC}") = "VirtualMethod", "VirtualMethod.csproj", "{2FCD5E64-D17C-4499-AB8C-88A4F2C8DFAD}"
EndProject
Global
	GlobalSection(SolutionConfigurationPlatforms) = preSolution
		Debug|Any CPU = Debug|Any CPU
		Release|Any CPU = Release|Any CPU
	EndGlobalSection
	GlobalSection(ProjectConfigurationPlatforms) = postSolution
		{2FCD5E64-D17C-4499-AB8C-88A4F2C8DFAD}.Debug|Any CPU.ActiveCfg = Debug|Any CPU
		{2FCD5E64-D17C-4499-AB8C-88A4F2C8DFAD}.Debug|Any CPU.Build.0 = Debug|Any CPU
		{2FCD5E64-D17C-4499-AB8C-88A4F2C8DFAD}.Release|Any CPU.ActiveCfg = Release|Any CPU
		{2FCD5E64-D17C-4499-AB8C-88A4F2C8DFAD}.Release|Any CPU.Build.0 = Release|Any CPU
	EndGlobalSection
	GlobalSection(SolutionProperties) = preSolution
		HideSolutionNode = FALSE
	EndGlobalSection
	GlobalSection(ExtensibilityGlobals) = postSolution
		SolutionGuid = {3017A58F-D0CE-4537-9414-60707D1902F6}
	EndGlobalSection
EndGlobal
